<?xml version="1.0" encoding="utf-8"?>
<Project ToolsVersion="4.0" xmlns="http://schemas.microsoft.com/developer/msbuild/2003">
  <ItemGroup>
    <Filter Include="소스 파일">
      <UniqueIdentifier>{4FC737F1-C7A5-4376-A066-2A32D752A2FF}</UniqueIdentifier>
      <Extensions>cpp;c;cc;cxx;c++;cppm;ixx;def;odl;idl;hpj;bat;asm;asmx</Extensions>
    </Filter>
    <Filter Include="헤더 파일">
      <UniqueIdentifier>{93995380-89BD-4b04-88EB-625FBE52EBFB}</UniqueIdentifier>
      <Extensions>h;hh;hpp;hxx;h++;hm;inl;inc;ipp;xsd</Extensions>
    </Filter>
    <Filter Include="리소스 파일">
      <UniqueIdentifier>{67DA6AB6-F800-4c08-8B7A-83BB121AAD01}</UniqueIdentifier>
      <Extensions>rc;ico;cur;bmp;dlg;rc2;rct;bin;rgs;gif;jpg;jpeg;jpe;resx;tiff;tif;png;wav;mfcribbon-ms</Extensions>
    </Filter>
  </ItemGroup>
  <ItemGroup>
    <ClInclude Include="src\Inference_Engine\ITask\IDetection.h">
      <Filter>헤더 파일</Filter>
    </ClInclude>
    <ClInclude Include="src\Inference_Engine\IInferenceEngine\IInferenceEngine.h">
      <Filter>헤더 파일</Filter>
    </ClInclude>
    <ClInclude Include="src\Inference_Engine\Frameworks\OnnxInferenceEngine.h">
      <Filter>헤더 파일</Filter>
    </ClInclude>
    <ClInclude Include="src\Inference_Engine\Frameworks\TorchInferenceEngine.h">
      <Filter>헤더 파일</Filter>
    </ClInclude>
    <ClInclude Include="src\Inference_Engine\Frameworks\TensorRTInferenceEngine.h">
      <Filter>헤더 파일</Filter>
    </ClInclude>
    <ClInclude Include="src\Log\log.h">
      <Filter>헤더 파일</Filter>
    </ClInclude>
    <ClInclude Include="VisionAPI.h">
      <Filter>헤더 파일</Filter>
    </ClInclude>
    <ClInclude Include="src\Inference_Engine\ITask\ISegmentation.h">
      <Filter>헤더 파일</Filter>
    </ClInclude>
    <ClInclude Include="src\Inference_Engine\ITask\IClassification.h">
      <Filter>헤더 파일</Filter>
    </ClInclude>
    <ClInclude Include="src\Inference_Engine\ITask\ITask.h">
      <Filter>헤더 파일</Filter>
    </ClInclude>
    <ClInclude Include="src\Utils\dataTransformation.h">
      <Filter>헤더 파일</Filter>
    </ClInclude>
    <ClInclude Include="src\Utils\fileTransformation.h">
      <Filter>헤더 파일</Filter>
    </ClInclude>
    <ClInclude Include="src\Utils\visionOps.h">
      <Filter>헤더 파일</Filter>
    </ClInclude>
    <ClInclude Include="src\Utils\displaying_drawing.h">
      <Filter>헤더 파일</Filter>
    </ClInclude>
  </ItemGroup>
  <ItemGroup>
    <ClCompile Include="src\Inference_Engine\ITask\IDetection.cpp">
      <Filter>소스 파일</Filter>
    </ClCompile>
    <ClCompile Include="src\Inference_Engine\IInferenceEngine\IInferenceEngine.cpp">
      <Filter>소스 파일</Filter>
    </ClCompile>
    <ClCompile Include="src\Inference_Engine\Frameworks\OnnxInferenceEngine.cpp">
      <Filter>소스 파일</Filter>
    </ClCompile>
    <ClCompile Include="src\Inference_Engine\Frameworks\TorchInferenceEngine.cpp">
      <Filter>소스 파일</Filter>
    </ClCompile>
    <ClCompile Include="src\Inference_Engine\Frameworks\TensorRTInferenceEngine.cpp">
      <Filter>소스 파일</Filter>
    </ClCompile>
    <ClCompile Include="src\Log\log.cpp">
      <Filter>소스 파일</Filter>
    </ClCompile>
    <ClCompile Include="VisionAPI.cpp">
      <Filter>소스 파일</Filter>
    </ClCompile>
    <ClCompile Include="src\Inference_Engine\ITask\ISegmentation.cpp">
      <Filter>소스 파일</Filter>
    </ClCompile>
    <ClCompile Include="src\Inference_Engine\ITask\IClassification.cpp">
      <Filter>소스 파일</Filter>
    </ClCompile>
    <ClCompile Include="src\Inference_Engine\ITask\ITask.cpp">
      <Filter>소스 파일</Filter>
    </ClCompile>
    <ClCompile Include="src\Utils\fileTransformation.cpp">
      <Filter>소스 파일</Filter>
    </ClCompile>
    <ClCompile Include="src\Utils\dataTransformation.cpp">
      <Filter>소스 파일</Filter>
    </ClCompile>
  </ItemGroup>
  <ItemGroup>
    <None Include="packages.config" />
    <None Include="$(MSBuildThisFileDirectory)..\..\runtimes\win-x64\native\onnxruntime.dll" />
    <None Include="$(MSBuildThisFileDirectory)..\..\runtimes\win-x64\native\onnxruntime_providers_shared.dll" />
    <None Include="$(MSBuildThisFileDirectory)..\..\runtimes\win-x64\native\onnxruntime.dll" />
    <None Include="$(MSBuildThisFileDirectory)..\..\runtimes\win-x64\native\onnxruntime.dll" />
    <None Include="$(MSBuildThisFileDirectory)..\..\runtimes\win-x64\native\onnxruntime.dll" />
  </ItemGroup>
</Project>